{
  "name": "音乐小程序实战项目",
  "lockfileVersion": 3,
  "requires": true,
  "packages": {
    "": {
      "dependencies": {
        "js-mini-store": "^1.0.0",
        "tdesign-miniprogram": "^1.1.12"
      }
    },
    "node_modules/dayjs": {
      "version": "1.11.9",
      "resolved": "https://registry.npmjs.org/dayjs/-/dayjs-1.11.9.tgz",
      "integrity": "sha512-QvzAURSbQ0pKdIye2txOzNaHmxtUBXerpY0FJsFXUMKbIZeFm5ht1LS/jFsrncjnmtv8HsG0W2g6c0zUjZWmpA=="
    },
    "node_modules/js-mini-store": {
      "version": "1.0.0",
      "resolved": "https://registry.npmjs.org/js-mini-store/-/js-mini-store-1.0.0.tgz",
      "integrity": "sha512-m4DBh5ruGd2iISz5IvylguktMYcNZ5CusZU06lU8dnGPrO6elo9cKkMo9iJmSKbceKVlcoLiRrU+X5F+1bsqJA=="
    },
    "node_modules/tdesign-miniprogram": {
      "version": "1.1.12",
      "resolved": "https://registry.npmjs.org/tdesign-miniprogram/-/tdesign-miniprogram-1.1.12.tgz",
      "integrity": "sha512-OlYRpFk2lPoqWxzaCfkjV8tTKJ57RkwIxigZMtfwHocKUDwiWOnJ+TNGEgJBHy1/6GmXZHG2j89PXpVHXhJeqw==",
      "dependencies": {
        "dayjs": "^1.10.7"
      }
    }
  }
}
